
Microsoft Visual Studio Solution File, Format Version 12.00
# Visual Studio Version 17
VisualStudioVersion = 17.0.31903.59
MinimumVisualStudioVersion = 10.0.40219.1
Project("{2150E333-8FDC-42A3-9474-1A3956D46DE8}") = "src", "src", "{2081BE47-D5F8-4583-8058-92B7E40E9591}"
EndProject
Project("{FAE04EC0-301F-11D3-BF4B-00C04F79EFBC}") = "Portal.Web", "src\Portal.Web\Portal.Web.csproj", "{A0E6DAF9-7695-46AA-958B-FE7B3D6A816C}"
EndProject
Global
	GlobalSection(SolutionConfigurationPlatforms) = preSolution
		Debug|Any CPU = Debug|Any CPU
		Release|Any CPU = Release|Any CPU
	EndGlobalSection
	GlobalSection(SolutionProperties) = preSolution
		HideSolutionNode = FALSE
	EndGlobalSection
	GlobalSection(ProjectConfigurationPlatforms) = postSolution
		{A0E6DAF9-7695-46AA-958B-FE7B3D6A816C}.Debug|Any CPU.ActiveCfg = Debug|Any CPU
		{A0E6DAF9-7695-46AA-958B-FE7B3D6A816C}.Debug|Any CPU.Build.0 = Debug|Any CPU
		{A0E6DAF9-7695-46AA-958B-FE7B3D6A816C}.Release|Any CPU.ActiveCfg = Release|Any CPU
		{A0E6DAF9-7695-46AA-958B-FE7B3D6A816C}.Release|Any CPU.Build.0 = Release|Any CPU
	EndGlobalSection
	GlobalSection(NestedProjects) = preSolution
		{A0E6DAF9-7695-46AA-958B-FE7B3D6A816C} = {2081BE47-D5F8-4583-8058-92B7E40E9591}
	EndGlobalSection
EndGlobal
